
Microsoft Visual Studio Solution File, Format Version 12.00
# Visual Studio Version 17
VisualStudioVersion = 17.7.34202.233
MinimumVisualStudioVersion = 10.0.40219.1
Project("{FAE04EC0-301F-11D3-BF4B-00C04F79EFBC}") = "HotelReservationManager", "HotelReservationManager\HotelReservationManager.csproj", "{744D72FB-EA06-43D1-B005-15838CFBC748}"
EndProject
Global
	GlobalSection(SolutionConfigurationPlatforms) = preSolution
		Debug|Any CPU = Debug|Any CPU
		Release|Any CPU = Release|Any CPU
	EndGlobalSection
	GlobalSection(ProjectConfigurationPlatforms) = postSolution
		{744D72FB-EA06-43D1-B005-15838CFBC748}.Debug|Any CPU.ActiveCfg = Debug|Any CPU
		{744D72FB-EA06-43D1-B005-15838CFBC748}.Debug|Any CPU.Build.0 = Debug|Any CPU
		{744D72FB-EA06-43D1-B005-15838CFBC748}.Release|Any CPU.ActiveCfg = Release|Any CPU
		{744D72FB-EA06-43D1-B005-15838CFBC748}.Release|Any CPU.Build.0 = Release|Any CPU
	EndGlobalSection
	GlobalSection(SolutionProperties) = preSolution
		HideSolutionNode = FALSE
	EndGlobalSection
	GlobalSection(ExtensibilityGlobals) = postSolution
		SolutionGuid = {2FE858F4-48ED-44AE-A4B4-EA21C442F88C}
	EndGlobalSection
EndGlobal
